
Microsoft Visual Studio Solution File, Format Version 12.00
# Visual Studio Version 16
VisualStudioVersion = 16.0.30330.147
MinimumVisualStudioVersion = 10.0.40219.1
Project("{FAE04EC0-301F-11D3-BF4B-00C04F79EFBC}") = "WhileIteration", "WhileIteration\WhileIteration.csproj", "{0DB13555-A46A-4243-B6EB-202CFD2E8EED}"
EndProject
Global
	GlobalSection(SolutionConfigurationPlatforms) = preSolution
		Debug|Any CPU = Debug|Any CPU
		Release|Any CPU = Release|Any CPU
	EndGlobalSection
	GlobalSection(ProjectConfigurationPlatforms) = postSolution
		{0DB13555-A46A-4243-B6EB-202CFD2E8EED}.Debug|Any CPU.ActiveCfg = Debug|Any CPU
		{0DB13555-A46A-4243-B6EB-202CFD2E8EED}.Debug|Any CPU.Build.0 = Debug|Any CPU
		{0DB13555-A46A-4243-B6EB-202CFD2E8EED}.Release|Any CPU.ActiveCfg = Release|Any CPU
		{0DB13555-A46A-4243-B6EB-202CFD2E8EED}.Release|Any CPU.Build.0 = Release|Any CPU
	EndGlobalSection
	GlobalSection(SolutionProperties) = preSolution
		HideSolutionNode = FALSE
	EndGlobalSection
	GlobalSection(ExtensibilityGlobals) = postSolution
		SolutionGuid = {539168CE-4088-47D3-A6D3-88E22A837E1D}
	EndGlobalSection
EndGlobal
